
Microsoft Visual Studio Solution File, Format Version 12.00
# Visual Studio Version 17
VisualStudioVersion = 17.9.34723.18
MinimumVisualStudioVersion = 10.0.40219.1
Project("{9A19103F-16F7-4668-BE54-9A1E7A4F7556}") = "GameWorld", "GameWorld\GameWorld.csproj", "{1B842AE5-A2C5-486B-AD61-82B822610FF4}"
EndProject
Project("{9A19103F-16F7-4668-BE54-9A1E7A4F7556}") = "Server.API", "..\Server.API\Server.API\Server.API.csproj", "{82348403-B79C-4A09-A115-1CD58F89FE25}"
EndProject
Project("{9A19103F-16F7-4668-BE54-9A1E7A4F7556}") = "GameWorldClassLibrary", "..\GameWorldClassLibrary\GameWorldClassLibrary.csproj", "{07D0F25C-5D0F-47C2-A75C-5EB8C0E249FE}"
EndProject
Project("{9A19103F-16F7-4668-BE54-9A1E7A4F7556}") = "GameWorldWeb", "..\GameWorldWeb\GameWorldWeb\GameWorldWeb.csproj", "{3AB19A29-715A-4D35-87B0-F6ED8F24A083}"
EndProject
Global
	GlobalSection(SolutionConfigurationPlatforms) = preSolution
		Debug|Any CPU = Debug|Any CPU
		Release|Any CPU = Release|Any CPU
	EndGlobalSection
	GlobalSection(ProjectConfigurationPlatforms) = postSolution
		{1B842AE5-A2C5-486B-AD61-82B822610FF4}.Debug|Any CPU.ActiveCfg = Debug|Any CPU
		{1B842AE5-A2C5-486B-AD61-82B822610FF4}.Debug|Any CPU.Build.0 = Debug|Any CPU
		{1B842AE5-A2C5-486B-AD61-82B822610FF4}.Release|Any CPU.ActiveCfg = Release|Any CPU
		{1B842AE5-A2C5-486B-AD61-82B822610FF4}.Release|Any CPU.Build.0 = Release|Any CPU
		{82348403-B79C-4A09-A115-1CD58F89FE25}.Debug|Any CPU.ActiveCfg = Debug|Any CPU
		{82348403-B79C-4A09-A115-1CD58F89FE25}.Debug|Any CPU.Build.0 = Debug|Any CPU
		{82348403-B79C-4A09-A115-1CD58F89FE25}.Release|Any CPU.ActiveCfg = Release|Any CPU
		{82348403-B79C-4A09-A115-1CD58F89FE25}.Release|Any CPU.Build.0 = Release|Any CPU
		{07D0F25C-5D0F-47C2-A75C-5EB8C0E249FE}.Debug|Any CPU.ActiveCfg = Debug|Any CPU
		{07D0F25C-5D0F-47C2-A75C-5EB8C0E249FE}.Debug|Any CPU.Build.0 = Debug|Any CPU
		{07D0F25C-5D0F-47C2-A75C-5EB8C0E249FE}.Release|Any CPU.ActiveCfg = Release|Any CPU
		{07D0F25C-5D0F-47C2-A75C-5EB8C0E249FE}.Release|Any CPU.Build.0 = Release|Any CPU
		{3AB19A29-715A-4D35-87B0-F6ED8F24A083}.Debug|Any CPU.ActiveCfg = Debug|Any CPU
		{3AB19A29-715A-4D35-87B0-F6ED8F24A083}.Debug|Any CPU.Build.0 = Debug|Any CPU
		{3AB19A29-715A-4D35-87B0-F6ED8F24A083}.Release|Any CPU.ActiveCfg = Release|Any CPU
		{3AB19A29-715A-4D35-87B0-F6ED8F24A083}.Release|Any CPU.Build.0 = Release|Any CPU
	EndGlobalSection
	GlobalSection(SolutionProperties) = preSolution
		HideSolutionNode = FALSE
	EndGlobalSection
	GlobalSection(ExtensibilityGlobals) = postSolution
		SolutionGuid = {E5CB58DC-06F0-4F4D-AD65-20753403039E}
	EndGlobalSection
EndGlobal
