
Microsoft Visual Studio Solution File, Format Version 12.00
# Visual Studio Version 17
VisualStudioVersion = 17.9.34622.214
MinimumVisualStudioVersion = 10.0.40219.1
Project("{FAE04EC0-301F-11D3-BF4B-00C04F79EFBC}") = "GameWorldWeb", "GameWorldWeb\GameWorldWeb.csproj", "{0852F282-22EA-43F9-AE3A-DA314FD1785D}"
EndProject
Global
	GlobalSection(SolutionConfigurationPlatforms) = preSolution
		Debug|Any CPU = Debug|Any CPU
		Release|Any CPU = Release|Any CPU
	EndGlobalSection
	GlobalSection(ProjectConfigurationPlatforms) = postSolution
		{0852F282-22EA-43F9-AE3A-DA314FD1785D}.Debug|Any CPU.ActiveCfg = Debug|Any CPU
		{0852F282-22EA-43F9-AE3A-DA314FD1785D}.Debug|Any CPU.Build.0 = Debug|Any CPU
		{0852F282-22EA-43F9-AE3A-DA314FD1785D}.Release|Any CPU.ActiveCfg = Release|Any CPU
		{0852F282-22EA-43F9-AE3A-DA314FD1785D}.Release|Any CPU.Build.0 = Release|Any CPU
	EndGlobalSection
	GlobalSection(SolutionProperties) = preSolution
		HideSolutionNode = FALSE
	EndGlobalSection
	GlobalSection(ExtensibilityGlobals) = postSolution
		SolutionGuid = {BA2BF08A-7C50-423E-8EA3-C1EAEACD8128}
	EndGlobalSection
EndGlobal
